{
    "_meta": {
        "hash": {
            "sha256": "3a66c7c2da03369b74be32e25df435970f880d61d54b9db2a87be2b7e8ae23bb"
        },
        "pipfile-spec": 6,
        "requires": {
            "python_version": "3.10"
        },
        "sources": [
            {
                "name": "pypi",
                "url": "https://pypi.org/simple",
                "verify_ssl": true
            }
        ]
    },
    "default": {
        "antlr4-python3-runtime": {
            "hashes": [
                "sha256:061a49bc72ae05a35d9b61c0ba0ac36c0397708819f02fbfb20a80e47d287a1b"
            ],
            "index": "pypi",
            "version": "==4.10"
        },
        "prettytable": {
            "hashes": [
                "sha256:118eb54fd2794049b810893653b20952349df6d3bc1764e7facd8a18064fa9b0",
                "sha256:d1c34d72ea2c0ffd6ce5958e71c428eb21a3d40bf3133afe319b24aeed5af407"
            ],
            "index": "pypi",
            "version": "==3.3.0"
        },
        "tk": {
            "hashes": [
                "sha256:60bc8923d5d35f67f5c6bd93d4f0c49d2048114ec077768f959aef36d4ed97f8",
                "sha256:703a69ff0d5ba2bd2f7440582ad10160e4a6561595d33457dc6caa79b9bf4930"
            ],
            "index": "pypi",
            "version": "==0.1.0"
        },
        "wcwidth": {
            "hashes": [
                "sha256:beb4802a9cebb9144e99086eff703a642a13d6a0052920003a230f3294bbe784",
                "sha256:c4d647b99872929fdb7bdcaa4fbe7f01413ed3d98077df798530e5b04f116c83"
            ],
            "version": "==0.2.5"
        }
    },
    "develop": {}
}
